
Microsoft Visual Studio Solution File, Format Version 12.00
# Visual Studio Version 17
VisualStudioVersion = 17.3.32901.215
MinimumVisualStudioVersion = 10.0.40219.1
Project("{9A19103F-16F7-4668-BE54-9A1E7A4F7556}") = "ConsoleApp2", "ConsoleApp2\ConsoleApp2.csproj", "{006A726B-3C2C-4499-AD05-504E5245D799}"
EndProject
Project("{9A19103F-16F7-4668-BE54-9A1E7A4F7556}") = "ConsoleApp2.Generator", "ConsoleApp2.Generator\ConsoleApp2.Generator.csproj", "{01DF1C5F-DBDB-4B33-8B27-16B8EBBAF97A}"
EndProject
Project("{9A19103F-16F7-4668-BE54-9A1E7A4F7556}") = "ConsoleApp2.Tests", "ConsoleApp2.Tests\ConsoleApp2.Tests.csproj", "{A8827D1D-FD39-4C4A-9A6B-C2B2ADD00606}"
EndProject
Project("{FAE04EC0-301F-11D3-BF4B-00C04F79EFBC}") = "ConsoleApp2.Benchmarks", "ConsoleApp2.Benchmarks\ConsoleApp2.Benchmarks.csproj", "{E5469617-E575-43DD-A0BB-11CB1008EA42}"
EndProject
Global
	GlobalSection(SolutionConfigurationPlatforms) = preSolution
		Debug|Any CPU = Debug|Any CPU
		Release|Any CPU = Release|Any CPU
	EndGlobalSection
	GlobalSection(ProjectConfigurationPlatforms) = postSolution
		{006A726B-3C2C-4499-AD05-504E5245D799}.Debug|Any CPU.ActiveCfg = Debug|Any CPU
		{006A726B-3C2C-4499-AD05-504E5245D799}.Debug|Any CPU.Build.0 = Debug|Any CPU
		{006A726B-3C2C-4499-AD05-504E5245D799}.Release|Any CPU.ActiveCfg = Release|Any CPU
		{006A726B-3C2C-4499-AD05-504E5245D799}.Release|Any CPU.Build.0 = Release|Any CPU
		{01DF1C5F-DBDB-4B33-8B27-16B8EBBAF97A}.Debug|Any CPU.ActiveCfg = Debug|Any CPU
		{01DF1C5F-DBDB-4B33-8B27-16B8EBBAF97A}.Debug|Any CPU.Build.0 = Debug|Any CPU
		{01DF1C5F-DBDB-4B33-8B27-16B8EBBAF97A}.Release|Any CPU.ActiveCfg = Release|Any CPU
		{01DF1C5F-DBDB-4B33-8B27-16B8EBBAF97A}.Release|Any CPU.Build.0 = Release|Any CPU
		{A8827D1D-FD39-4C4A-9A6B-C2B2ADD00606}.Debug|Any CPU.ActiveCfg = Debug|Any CPU
		{A8827D1D-FD39-4C4A-9A6B-C2B2ADD00606}.Debug|Any CPU.Build.0 = Debug|Any CPU
		{A8827D1D-FD39-4C4A-9A6B-C2B2ADD00606}.Release|Any CPU.ActiveCfg = Release|Any CPU
		{A8827D1D-FD39-4C4A-9A6B-C2B2ADD00606}.Release|Any CPU.Build.0 = Release|Any CPU
		{E5469617-E575-43DD-A0BB-11CB1008EA42}.Debug|Any CPU.ActiveCfg = Debug|Any CPU
		{E5469617-E575-43DD-A0BB-11CB1008EA42}.Debug|Any CPU.Build.0 = Debug|Any CPU
		{E5469617-E575-43DD-A0BB-11CB1008EA42}.Release|Any CPU.ActiveCfg = Release|Any CPU
		{E5469617-E575-43DD-A0BB-11CB1008EA42}.Release|Any CPU.Build.0 = Release|Any CPU
	EndGlobalSection
	GlobalSection(SolutionProperties) = preSolution
		HideSolutionNode = FALSE
	EndGlobalSection
	GlobalSection(ExtensibilityGlobals) = postSolution
		SolutionGuid = {9CF8F81F-6EE7-47FC-9A6D-4CAB7DA249A3}
	EndGlobalSection
EndGlobal
